
Microsoft Visual Studio Solution File, Format Version 12.00
# Visual Studio Version 16
VisualStudioVersion = 16.0.29519.87
MinimumVisualStudioVersion = 10.0.40219.1
Project("{9A19103F-16F7-4668-BE54-9A1E7A4F7556}") = "StocksBackendServer", "StocksBackendServer\StocksBackendServer.csproj", "{A0186DBE-D8EE-4379-98E3-197916F90AFE}"
EndProject
Project("{9A19103F-16F7-4668-BE54-9A1E7A4F7556}") = "Services", "LoggerService\Services.csproj", "{FFC6F39A-65B1-481C-B820-4CF682B2E1C5}"
EndProject
Project("{9A19103F-16F7-4668-BE54-9A1E7A4F7556}") = "Contracts", "Contracts\Contracts.csproj", "{84B47B3F-B93F-426F-8937-A81D595475EF}"
EndProject
Project("{9A19103F-16F7-4668-BE54-9A1E7A4F7556}") = "Entities", "Entities\Entities.csproj", "{336D7EDD-9588-4474-A37B-439A76F3970C}"
EndProject
Project("{9A19103F-16F7-4668-BE54-9A1E7A4F7556}") = "Repository", "Repository\Repository.csproj", "{B17B4742-951B-45C2-B91E-D6F7DD3F3B6B}"
EndProject
Global
	GlobalSection(SolutionConfigurationPlatforms) = preSolution
		Debug|Any CPU = Debug|Any CPU
		Release|Any CPU = Release|Any CPU
	EndGlobalSection
	GlobalSection(ProjectConfigurationPlatforms) = postSolution
		{A0186DBE-D8EE-4379-98E3-197916F90AFE}.Debug|Any CPU.ActiveCfg = Debug|Any CPU
		{A0186DBE-D8EE-4379-98E3-197916F90AFE}.Debug|Any CPU.Build.0 = Debug|Any CPU
		{A0186DBE-D8EE-4379-98E3-197916F90AFE}.Release|Any CPU.ActiveCfg = Release|Any CPU
		{A0186DBE-D8EE-4379-98E3-197916F90AFE}.Release|Any CPU.Build.0 = Release|Any CPU
		{FFC6F39A-65B1-481C-B820-4CF682B2E1C5}.Debug|Any CPU.ActiveCfg = Debug|Any CPU
		{FFC6F39A-65B1-481C-B820-4CF682B2E1C5}.Debug|Any CPU.Build.0 = Debug|Any CPU
		{FFC6F39A-65B1-481C-B820-4CF682B2E1C5}.Release|Any CPU.ActiveCfg = Release|Any CPU
		{FFC6F39A-65B1-481C-B820-4CF682B2E1C5}.Release|Any CPU.Build.0 = Release|Any CPU
		{84B47B3F-B93F-426F-8937-A81D595475EF}.Debug|Any CPU.ActiveCfg = Debug|Any CPU
		{84B47B3F-B93F-426F-8937-A81D595475EF}.Debug|Any CPU.Build.0 = Debug|Any CPU
		{84B47B3F-B93F-426F-8937-A81D595475EF}.Release|Any CPU.ActiveCfg = Release|Any CPU
		{84B47B3F-B93F-426F-8937-A81D595475EF}.Release|Any CPU.Build.0 = Release|Any CPU
		{336D7EDD-9588-4474-A37B-439A76F3970C}.Debug|Any CPU.ActiveCfg = Debug|Any CPU
		{336D7EDD-9588-4474-A37B-439A76F3970C}.Debug|Any CPU.Build.0 = Debug|Any CPU
		{336D7EDD-9588-4474-A37B-439A76F3970C}.Release|Any CPU.ActiveCfg = Release|Any CPU
		{336D7EDD-9588-4474-A37B-439A76F3970C}.Release|Any CPU.Build.0 = Release|Any CPU
		{B17B4742-951B-45C2-B91E-D6F7DD3F3B6B}.Debug|Any CPU.ActiveCfg = Debug|Any CPU
		{B17B4742-951B-45C2-B91E-D6F7DD3F3B6B}.Debug|Any CPU.Build.0 = Debug|Any CPU
		{B17B4742-951B-45C2-B91E-D6F7DD3F3B6B}.Release|Any CPU.ActiveCfg = Release|Any CPU
		{B17B4742-951B-45C2-B91E-D6F7DD3F3B6B}.Release|Any CPU.Build.0 = Release|Any CPU
	EndGlobalSection
	GlobalSection(SolutionProperties) = preSolution
		HideSolutionNode = FALSE
	EndGlobalSection
	GlobalSection(ExtensibilityGlobals) = postSolution
		SolutionGuid = {F0EBB817-528A-4517-A102-665ADB173CB7}
	EndGlobalSection
EndGlobal
